
Microsoft Visual Studio Solution File, Format Version 12.00
# Visual Studio Version 17
VisualStudioVersion = 17.0.32112.339
MinimumVisualStudioVersion = 10.0.40219.1
Project("{FAE04EC0-301F-11D3-BF4B-00C04F79EFBC}") = "Projeto03_SQLite.UWP", "Projeto03_SQLite\Projeto03_SQLite.UWP\Projeto03_SQLite.UWP.csproj", "{54F17EAF-E3AA-4E0B-BCB8-F158FC8FF240}"
EndProject
Project("{FAE04EC0-301F-11D3-BF4B-00C04F79EFBC}") = "Projeto03_SQLite.Android", "Projeto03_SQLite\Projeto03_SQLite.Android\Projeto03_SQLite.Android.csproj", "{CFDDD574-8FFC-436F-9E7E-675EF508B396}"
EndProject
Project("{FAE04EC0-301F-11D3-BF4B-00C04F79EFBC}") = "Projeto03_SQLite", "Projeto03_SQLite\Projeto03_SQLite\Projeto03_SQLite.csproj", "{C66762AE-70D9-4474-81AD-D143A8E71A22}"
EndProject
Global
	GlobalSection(SolutionConfigurationPlatforms) = preSolution
		Debug|Any CPU = Debug|Any CPU
		Debug|ARM = Debug|ARM
		Debug|x64 = Debug|x64
		Debug|x86 = Debug|x86
		Release|Any CPU = Release|Any CPU
		Release|ARM = Release|ARM
		Release|x64 = Release|x64
		Release|x86 = Release|x86
	EndGlobalSection
	GlobalSection(ProjectConfigurationPlatforms) = postSolution
		{54F17EAF-E3AA-4E0B-BCB8-F158FC8FF240}.Debug|Any CPU.ActiveCfg = Debug|x64
		{54F17EAF-E3AA-4E0B-BCB8-F158FC8FF240}.Debug|Any CPU.Build.0 = Debug|x64
		{54F17EAF-E3AA-4E0B-BCB8-F158FC8FF240}.Debug|Any CPU.Deploy.0 = Debug|x64
		{54F17EAF-E3AA-4E0B-BCB8-F158FC8FF240}.Debug|ARM.ActiveCfg = Debug|ARM
		{54F17EAF-E3AA-4E0B-BCB8-F158FC8FF240}.Debug|ARM.Build.0 = Debug|ARM
		{54F17EAF-E3AA-4E0B-BCB8-F158FC8FF240}.Debug|ARM.Deploy.0 = Debug|ARM
		{54F17EAF-E3AA-4E0B-BCB8-F158FC8FF240}.Debug|x64.ActiveCfg = Debug|x64
		{54F17EAF-E3AA-4E0B-BCB8-F158FC8FF240}.Debug|x64.Build.0 = Debug|x64
		{54F17EAF-E3AA-4E0B-BCB8-F158FC8FF240}.Debug|x64.Deploy.0 = Debug|x64
		{54F17EAF-E3AA-4E0B-BCB8-F158FC8FF240}.Debug|x86.ActiveCfg = Debug|x86
		{54F17EAF-E3AA-4E0B-BCB8-F158FC8FF240}.Debug|x86.Build.0 = Debug|x86
		{54F17EAF-E3AA-4E0B-BCB8-F158FC8FF240}.Debug|x86.Deploy.0 = Debug|x86
		{54F17EAF-E3AA-4E0B-BCB8-F158FC8FF240}.Release|Any CPU.ActiveCfg = Release|x64
		{54F17EAF-E3AA-4E0B-BCB8-F158FC8FF240}.Release|Any CPU.Build.0 = Release|x64
		{54F17EAF-E3AA-4E0B-BCB8-F158FC8FF240}.Release|Any CPU.Deploy.0 = Release|x64
		{54F17EAF-E3AA-4E0B-BCB8-F158FC8FF240}.Release|ARM.ActiveCfg = Release|ARM
		{54F17EAF-E3AA-4E0B-BCB8-F158FC8FF240}.Release|ARM.Build.0 = Release|ARM
		{54F17EAF-E3AA-4E0B-BCB8-F158FC8FF240}.Release|ARM.Deploy.0 = Release|ARM
		{54F17EAF-E3AA-4E0B-BCB8-F158FC8FF240}.Release|x64.ActiveCfg = Release|x64
		{54F17EAF-E3AA-4E0B-BCB8-F158FC8FF240}.Release|x64.Build.0 = Release|x64
		{54F17EAF-E3AA-4E0B-BCB8-F158FC8FF240}.Release|x64.Deploy.0 = Release|x64
		{54F17EAF-E3AA-4E0B-BCB8-F158FC8FF240}.Release|x86.ActiveCfg = Release|x86
		{54F17EAF-E3AA-4E0B-BCB8-F158FC8FF240}.Release|x86.Build.0 = Release|x86
		{54F17EAF-E3AA-4E0B-BCB8-F158FC8FF240}.Release|x86.Deploy.0 = Release|x86
		{CFDDD574-8FFC-436F-9E7E-675EF508B396}.Debug|Any CPU.ActiveCfg = Debug|Any CPU
		{CFDDD574-8FFC-436F-9E7E-675EF508B396}.Debug|Any CPU.Build.0 = Debug|Any CPU
		{CFDDD574-8FFC-436F-9E7E-675EF508B396}.Debug|Any CPU.Deploy.0 = Debug|Any CPU
		{CFDDD574-8FFC-436F-9E7E-675EF508B396}.Debug|ARM.ActiveCfg = Debug|Any CPU
		{CFDDD574-8FFC-436F-9E7E-675EF508B396}.Debug|ARM.Build.0 = Debug|Any CPU
		{CFDDD574-8FFC-436F-9E7E-675EF508B396}.Debug|ARM.Deploy.0 = Debug|Any CPU
		{CFDDD574-8FFC-436F-9E7E-675EF508B396}.Debug|x64.ActiveCfg = Debug|Any CPU
		{CFDDD574-8FFC-436F-9E7E-675EF508B396}.Debug|x64.Build.0 = Debug|Any CPU
		{CFDDD574-8FFC-436F-9E7E-675EF508B396}.Debug|x64.Deploy.0 = Debug|Any CPU
		{CFDDD574-8FFC-436F-9E7E-675EF508B396}.Debug|x86.ActiveCfg = Debug|Any CPU
		{CFDDD574-8FFC-436F-9E7E-675EF508B396}.Debug|x86.Build.0 = Debug|Any CPU
		{CFDDD574-8FFC-436F-9E7E-675EF508B396}.Debug|x86.Deploy.0 = Debug|Any CPU
		{CFDDD574-8FFC-436F-9E7E-675EF508B396}.Release|Any CPU.ActiveCfg = Release|Any CPU
		{CFDDD574-8FFC-436F-9E7E-675EF508B396}.Release|Any CPU.Build.0 = Release|Any CPU
		{CFDDD574-8FFC-436F-9E7E-675EF508B396}.Release|Any CPU.Deploy.0 = Release|Any CPU
		{CFDDD574-8FFC-436F-9E7E-675EF508B396}.Release|ARM.ActiveCfg = Release|Any CPU
		{CFDDD574-8FFC-436F-9E7E-675EF508B396}.Release|ARM.Build.0 = Release|Any CPU
		{CFDDD574-8FFC-436F-9E7E-675EF508B396}.Release|ARM.Deploy.0 = Release|Any CPU
		{CFDDD574-8FFC-436F-9E7E-675EF508B396}.Release|x64.ActiveCfg = Release|Any CPU
		{CFDDD574-8FFC-436F-9E7E-675EF508B396}.Release|x64.Build.0 = Release|Any CPU
		{CFDDD574-8FFC-436F-9E7E-675EF508B396}.Release|x64.Deploy.0 = Release|Any CPU
		{CFDDD574-8FFC-436F-9E7E-675EF508B396}.Release|x86.ActiveCfg = Release|Any CPU
		{CFDDD574-8FFC-436F-9E7E-675EF508B396}.Release|x86.Build.0 = Release|Any CPU
		{CFDDD574-8FFC-436F-9E7E-675EF508B396}.Release|x86.Deploy.0 = Release|Any CPU
		{C66762AE-70D9-4474-81AD-D143A8E71A22}.Debug|Any CPU.ActiveCfg = Debug|Any CPU
		{C66762AE-70D9-4474-81AD-D143A8E71A22}.Debug|Any CPU.Build.0 = Debug|Any CPU
		{C66762AE-70D9-4474-81AD-D143A8E71A22}.Debug|Any CPU.Deploy.0 = Debug|Any CPU
		{C66762AE-70D9-4474-81AD-D143A8E71A22}.Debug|ARM.ActiveCfg = Debug|Any CPU
		{C66762AE-70D9-4474-81AD-D143A8E71A22}.Debug|ARM.Build.0 = Debug|Any CPU
		{C66762AE-70D9-4474-81AD-D143A8E71A22}.Debug|ARM.Deploy.0 = Debug|Any CPU
		{C66762AE-70D9-4474-81AD-D143A8E71A22}.Debug|x64.ActiveCfg = Debug|Any CPU
		{C66762AE-70D9-4474-81AD-D143A8E71A22}.Debug|x64.Build.0 = Debug|Any CPU
		{C66762AE-70D9-4474-81AD-D143A8E71A22}.Debug|x64.Deploy.0 = Debug|Any CPU
		{C66762AE-70D9-4474-81AD-D143A8E71A22}.Debug|x86.ActiveCfg = Debug|Any CPU
		{C66762AE-70D9-4474-81AD-D143A8E71A22}.Debug|x86.Build.0 = Debug|Any CPU
		{C66762AE-70D9-4474-81AD-D143A8E71A22}.Debug|x86.Deploy.0 = Debug|Any CPU
		{C66762AE-70D9-4474-81AD-D143A8E71A22}.Release|Any CPU.ActiveCfg = Release|Any CPU
		{C66762AE-70D9-4474-81AD-D143A8E71A22}.Release|Any CPU.Build.0 = Release|Any CPU
		{C66762AE-70D9-4474-81AD-D143A8E71A22}.Release|Any CPU.Deploy.0 = Release|Any CPU
		{C66762AE-70D9-4474-81AD-D143A8E71A22}.Release|ARM.ActiveCfg = Release|Any CPU
		{C66762AE-70D9-4474-81AD-D143A8E71A22}.Release|ARM.Build.0 = Release|Any CPU
		{C66762AE-70D9-4474-81AD-D143A8E71A22}.Release|ARM.Deploy.0 = Release|Any CPU
		{C66762AE-70D9-4474-81AD-D143A8E71A22}.Release|x64.ActiveCfg = Release|Any CPU
		{C66762AE-70D9-4474-81AD-D143A8E71A22}.Release|x64.Build.0 = Release|Any CPU
		{C66762AE-70D9-4474-81AD-D143A8E71A22}.Release|x64.Deploy.0 = Release|Any CPU
		{C66762AE-70D9-4474-81AD-D143A8E71A22}.Release|x86.ActiveCfg = Release|Any CPU
		{C66762AE-70D9-4474-81AD-D143A8E71A22}.Release|x86.Build.0 = Release|Any CPU
		{C66762AE-70D9-4474-81AD-D143A8E71A22}.Release|x86.Deploy.0 = Release|Any CPU
	EndGlobalSection
	GlobalSection(SolutionProperties) = preSolution
		HideSolutionNode = FALSE
	EndGlobalSection
	GlobalSection(ExtensibilityGlobals) = postSolution
		SolutionGuid = {3FB48B77-F6F9-43E7-A5B7-78AA0B621191}
	EndGlobalSection
EndGlobal
